// !$*UTF8*$!
{
	archiveVersion = 1;
	classes = {
	};
	objectVersion = 50;
	objects = {

/* Begin PBXBuildFile section */
		68F106A1213A3BE1007981E6 /* AppDelegate.m in Sources */ = {isa = PBXBuildFile; fileRef = 68F106A0213A3BE1007981E6 /* AppDelegate.m */; };
		68F106A4213A3BE1007981E6 /* ViewController.m in Sources */ = {isa = PBXBuildFile; fileRef = 68F106A3213A3BE1007981E6 /* ViewController.m */; };
		68F106A7213A3BE1007981E6 /* Main.storyboard in Resources */ = {isa = PBXBuildFile; fileRef = 68F106A5213A3BE1007981E6 /* Main.storyboard */; };
		68F106AA213A3BE1007981E6 /* GCDdemo.xcdatamodeld in Sources */ = {isa = PBXBuildFile; fileRef = 68F106A8213A3BE1007981E6 /* GCDdemo.xcdatamodeld */; };
		68F106AC213A3BE2007981E6 /* Assets.xcassets in Resources */ = {isa = PBXBuildFile; fileRef = 68F106AB213A3BE2007981E6 /* Assets.xcassets */; };
		68F106AF213A3BE2007981E6 /* LaunchScreen.storyboard in Resources */ = {isa = PBXBuildFile; fileRef = 68F106AD213A3BE2007981E6 /* LaunchScreen.storyboard */; };
		68F106B2213A3BE2007981E6 /* main.m in Sources */ = {isa = PBXBuildFile; fileRef = 68F106B1213A3BE2007981E6 /* main.m */; };
/* End PBXBuildFile section */

/* Begin PBXFileReference section */
		68F1069C213A3BE1007981E6 /* GCDdemo.app */ = {isa = PBXFileReference; explicitFileType = wrapper.application; includeInIndex = 0; path = GCDdemo.app; sourceTree = BUILT_PRODUCTS_DIR; };
		68F1069F213A3BE1007981E6 /* AppDelegate.h */ = {isa = PBXFileReference; lastKnownFileType = sourcecode.c.h; path = AppDelegate.h; sourceTree = "<group>"; };
		68F106A0213A3BE1007981E6 /* AppDelegate.m */ = {isa = PBXFileReference; lastKnownFileType = sourcecode.c.objc; path = AppDelegate.m; sourceTree = "<group>"; };
		68F106A2213A3BE1007981E6 /* ViewController.h */ = {isa = PBXFileReference; lastKnownFileType = sourcecode.c.h; path = ViewController.h; sourceTree = "<group>"; };
		68F106A3213A3BE1007981E6 /* ViewController.m */ = {isa = PBXFileReference; lastKnownFileType = sourcecode.c.objc; path = ViewController.m; sourceTree = "<group>"; };
		68F106A6213A3BE1007981E6 /* Base */ = {isa = PBXFileReference; lastKnownFileType = file.storyboard; name = Base; path = Base.lproj/Main.storyboard; sourceTree = "<group>"; };
		68F106A9213A3BE1007981E6 /* GCDdemo.xcdatamodel */ = {isa = PBXFileReference; lastKnownFileType = wrapper.xcdatamodel; path = GCDdemo.xcdatamodel; sourceTree = "<group>"; };
		68F106AB213A3BE2007981E6 /* Assets.xcassets */ = {isa = PBXFileReference; lastKnownFileType = folder.assetcatalog; path = Assets.xcassets; sourceTree = "<group>"; };
		68F106AE213A3BE2007981E6 /* Base */ = {isa = PBXFileReference; lastKnownFileType = file.storyboard; name = Base; path = Base.lproj/LaunchScreen.storyboard; sourceTree = "<group>"; };
		68F106B0213A3BE2007981E6 /* Info.plist */ = {isa = PBXFileReference; lastKnownFileType = text.plist.xml; path = Info.plist; sourceTree = "<group>"; };
		68F106B1213A3BE2007981E6 /* main.m */ = {isa = PBXFileReference; lastKnownFileType = sourcecode.c.objc; path = main.m; sourceTree = "<group>"; };
/* End PBXFileReference section */

/* Begin PBXFrameworksBuildPhase section */
		68F10699213A3BE1007981E6 /* Frameworks */ = {
			isa = PBXFrameworksBuildPhase;
			buildActionMask = 2147483647;
			files = (
			);
			runOnlyForDeploymentPostprocessing = 0;
		};
/* End PBXFrameworksBuildPhase section */

/* Begin PBXGroup section */
		68F10693213A3BE1007981E6 = {
			isa = PBXGroup;
			children = (
				68F1069E213A3BE1007981E6 /* GCDdemo */,
				68F1069D213A3BE1007981E6 /* Products */,
			);
			sourceTree = "<group>";
		};
		68F1069D213A3BE1007981E6 /* Products */ = {
			isa = PBXGroup;
			children = (
				68F1069C213A3BE1007981E6 /* GCDdemo.app */,
			);
			name = Products;
			sourceTree = "<group>";
		};
		68F1069E213A3BE1007981E6 /* GCDdemo */ = {
			isa = PBXGroup;
			children = (
				68F1069F213A3BE1007981E6 /* AppDelegate.h */,
				68F106A0213A3BE1007981E6 /* AppDelegate.m */,
				68F106A2213A3BE1007981E6 /* ViewController.h */,
				68F106A3213A3BE1007981E6 /* ViewController.m */,
				68F106A5213A3BE1007981E6 /* Main.storyboard */,
				68F106AB213A3BE2007981E6 /* Assets.xcassets */,
				68F106AD213A3BE2007981E6 /* LaunchScreen.storyboard */,
				68F106B0213A3BE2007981E6 /* Info.plist */,
				68F106B1213A3BE2007981E6 /* main.m */,
				68F106A8213A3BE1007981E6 /* GCDdemo.xcdatamodeld */,
			);
			path = GCDdemo;
			sourceTree = "<group>";
		};
/* End PBXGroup section */

/* Begin PBXNativeTarget section */
		68F1069B213A3BE1007981E6 /* GCDdemo */ = {
			isa = PBXNativeTarget;
			buildConfigurationList = 68F106B5213A3BE2007981E6 /* Build configuration list for PBXNativeTarget "GCDdemo" */;
			buildPhases = (
				68F10698213A3BE1007981E6 /* Sources */,
				68F10699213A3BE1007981E6 /* Frameworks */,
				68F1069A213A3BE1007981E6 /* Resources */,
			);
			buildRules = (
			);
			dependencies = (
			);
			name = GCDdemo;
			productName = GCDdemo;
			productReference = 68F1069C213A3BE1007981E6 /* GCDdemo.app */;
			productType = "com.apple.product-type.application";
		};
/* End PBXNativeTarget section */

/* Begin PBXProject section */
		68F10694213A3BE1007981E6 /* Project object */ = {
			isa = PBXProject;
			attributes = {
				LastUpgradeCheck = 0940;
				ORGANIZATIONNAME = "杨科军";
				TargetAttributes = {
					68F1069B213A3BE1007981E6 = {
						CreatedOnToolsVersion = 9.4.1;
					};
				};
			};
			buildConfigurationList = 68F10697213A3BE1007981E6 /* Build configuration list for PBXProject "GCDdemo" */;
			compatibilityVersion = "Xcode 9.3";
			developmentRegion = en;
			hasScannedForEncodings = 0;
			knownRegions = (
				en,
				Base,
			);
			mainGroup = 68F10693213A3BE1007981E6;
			productRefGroup = 68F1069D213A3BE1007981E6 /* Products */;
			projectDirPath = "";
			projectRoot = "";
			targets = (
				68F1069B213A3BE1007981E6 /* GCDdemo */,
			);
		};
/* End PBXProject section */

/* Begin PBXResourcesBuildPhase section */
		68F1069A213A3BE1007981E6 /* Resources */ = {
			isa = PBXResourcesBuildPhase;
			buildActionMask = 2147483647;
			files = (
				68F106AF213A3BE2007981E6 /* LaunchScreen.storyboard in Resources */,
				68F106AC213A3BE2007981E6 /* Assets.xcassets in Resources */,
				68F106A7213A3BE1007981E6 /* Main.storyboard in Resources */,
			);
			runOnlyForDeploymentPostprocessing = 0;
		};
/* End PBXResourcesBuildPhase section */

/* Begin PBXSourcesBuildPhase section */
		68F10698213A3BE1007981E6 /* Sources */ = {
			isa = PBXSourcesBuildPhase;
			buildActionMask = 2147483647;
			files = (
				68F106AA213A3BE1007981E6 /* GCDdemo.xcdatamodeld in Sources */,
				68F106A4213A3BE1007981E6 /* ViewController.m in Sources */,
				68F106B2213A3BE2007981E6 /* main.m in Sources */,
				68F106A1213A3BE1007981E6 /* AppDelegate.m in Sources */,
			);
			runOnlyForDeploymentPostprocessing = 0;
		};
/* End PBXSourcesBuildPhase section */

/* Begin PBXVariantGroup section */
		68F106A5213A3BE1007981E6 /* Main.storyboard */ = {
			isa = PBXVariantGroup;
			children = (
				68F106A6213A3BE1007981E6 /* Base */,
			);
			name = Main.storyboard;
			sourceTree = "<group>";
		};
		68F106AD213A3BE2007981E6 /* LaunchScreen.storyboard */ = {
			isa = PBXVariantGroup;
			children = (
				68F106AE213A3BE2007981E6 /* Base */,
			);
			name = LaunchScreen.storyboard;
			sourceTree = "<group>";
		};
/* End PBXVariantGroup section */

/* Begin XCBuildConfiguration section */
		68F106B3213A3BE2007981E6 /* Debug */ = {
			isa = XCBuildConfiguration;
			buildSettings = {
				ALWAYS_SEARCH_USER_PATHS = NO;
				CLANG_ANALYZER_NONNULL = YES;
				CLANG_ANALYZER_NUMBER_OBJECT_CONVERSION = YES_AGGRESSIVE;
				CLANG_CXX_LANGUAGE_STANDARD = "gnu++14";
				CLANG_CXX_LIBRARY = "libc++";
				CLANG_ENABLE_MODULES = YES;
				CLANG_ENABLE_OBJC_ARC = YES;
				CLANG_ENABLE_OBJC_WEAK = YES;
				CLANG_WARN_BLOCK_CAPTURE_AUTORELEASING = YES;
				CLANG_WARN_BOOL_CONVERSION = YES;
				CLANG_WARN_COMMA = YES;
				CLANG_WARN_CONSTANT_CONVERSION = YES;
				CLANG_WARN_DEPRECATED_OBJC_IMPLEMENTATIONS = YES;
				CLANG_WARN_DIRECT_OBJC_ISA_USAGE = YES_ERROR;
				CLANG_WARN_DOCUMENTATION_COMMENTS = YES;
				CLANG_WARN_EMPTY_BODY = YES;
				CLANG_WARN_ENUM_CONVERSION = YES;
				CLANG_WARN_INFINITE_RECURSION = YES;
				CLANG_WARN_INT_CONVERSION = YES;
				CLANG_WARN_NON_LITERAL_NULL_CONVERSION = YES;
				CLANG_WARN_OBJC_IMPLICIT_RETAIN_SELF = YES;
				CLANG_WARN_OBJC_LITERAL_CONVERSION = YES;
				CLANG_WARN_OBJC_ROOT_CLASS = YES_ERROR;
				CLANG_WARN_RANGE_LOOP_ANALYSIS = YES;
				CLANG_WARN_STRICT_PROTOTYPES = YES;
				CLANG_WARN_SUSPICIOUS_MOVE = YES;
				CLANG_WARN_UNGUARDED_AVAILABILITY = YES_AGGRESSIVE;
				CLANG_WARN_UNREACHABLE_CODE = YES;
				CLANG_WARN__DUPLICATE_METHOD_MATCH = YES;
				CODE_SIGN_IDENTITY = "iPhone Developer";
				COPY_PHASE_STRIP = NO;
				DEBUG_INFORMATION_FORMAT = dwarf;
				ENABLE_STRICT_OBJC_MSGSEND = YES;
				ENABLE_TESTABILITY = YES;
				GCC_C_LANGUAGE_STANDARD = gnu11;
				GCC_DYNAMIC_NO_PIC = NO;
				GCC_NO_COMMON_BLOCKS = YES;
				GCC_OPTIMIZATION_LEVEL = 0;
				GCC_PREPROCESSOR_DEFINITIONS = (
					"DEBUG=1",
					"$(inherited)",
				);
				GCC_WARN_64_TO_32_BIT_CONVERSION = YES;
				GCC_WARN_ABOUT_RETURN_TYPE = YES_ERROR;
				GCC_WARN_UNDECLARED_SELECTOR = YES;
				GCC_WARN_UNINITIALIZED_AUTOS = YES_AGGRESSIVE;
				GCC_WARN_UNUSED_FUNCTION = YES;
				GCC_WARN_UNUSED_VARIABLE = YES;
				IPHONEOS_DEPLOYMENT_TARGET = 11.4;
				MTL_ENABLE_DEBUG_INFO = YES;
				ONLY_ACTIVE_ARCH = YES;
				SDKROOT = iphoneos;
			};
			name = Debug;
		};
		68F106B4213A3BE2007981E6 /* Release */ = {
			isa = XCBuildConfiguration;
			buildSettings = {
				ALWAYS_SEARCH_USER_PATHS = NO;
				CLANG_ANALYZER_NONNULL = YES;
				CLANG_ANALYZER_NUMBER_OBJECT_CONVERSION = YES_AGGRESSIVE;
				CLANG_CXX_LANGUAGE_STANDARD = "gnu++14";
				CLANG_CXX_LIBRARY = "libc++";
				CLANG_ENABLE_MODULES = YES;
				CLANG_ENABLE_OBJC_ARC = YES;
				CLANG_ENABLE_OBJC_WEAK = YES;
				CLANG_WARN_BLOCK_CAPTURE_AUTORELEASING = YES;
				CLANG_WARN_BOOL_CONVERSION = YES;
				CLANG_WARN_COMMA = YES;
				CLANG_WARN_CONSTANT_CONVERSION = YES;
				CLANG_WARN_DEPRECATED_OBJC_IMPLEMENTATIONS = YES;
				CLANG_WARN_DIRECT_OBJC_ISA_USAGE = YES_ERROR;
				CLANG_WARN_DOCUMENTATION_COMMENTS = YES;
				CLANG_WARN_EMPTY_BODY = YES;
				CLANG_WARN_ENUM_CONVERSION = YES;
				CLANG_WARN_INFINITE_RECURSION = YES;
				CLANG_WARN_INT_CONVERSION = YES;
				CLANG_WARN_NON_LITERAL_NULL_CONVERSION = YES;
				CLANG_WARN_OBJC_IMPLICIT_RETAIN_SELF = YES;
				CLANG_WARN_OBJC_LITERAL_CONVERSION = YES;
				CLANG_WARN_OBJC_ROOT_CLASS = YES_ERROR;
				CLANG_WARN_RANGE_LOOP_ANALYSIS = YES;
				CLANG_WARN_STRICT_PROTOTYPES = YES;
				CLANG_WARN_SUSPICIOUS_MOVE = YES;
				CLANG_WARN_UNGUARDED_AVAILABILITY = YES_AGGRESSIVE;
				CLANG_WARN_UNREACHABLE_CODE = YES;
				CLANG_WARN__DUPLICATE_METHOD_MATCH = YES;
				CODE_SIGN_IDENTITY = "iPhone Developer";
				COPY_PHASE_STRIP = NO;
				DEBUG_INFORMATION_FORMAT = "dwarf-with-dsym";
				ENABLE_NS_ASSERTIONS = NO;
				ENABLE_STRICT_OBJC_MSGSEND = YES;
				GCC_C_LANGUAGE_STANDARD = gnu11;
				GCC_NO_COMMON_BLOCKS = YES;
				GCC_WARN_64_TO_32_BIT_CONVERSION = YES;
				GCC_WARN_ABOUT_RETURN_TYPE = YES_ERROR;
				GCC_WARN_UNDECLARED_SELECTOR = YES;
				GCC_WARN_UNINITIALIZED_AUTOS = YES_AGGRESSIVE;
				GCC_WARN_UNUSED_FUNCTION = YES;
				GCC_WARN_UNUSED_VARIABLE = YES;
				IPHONEOS_DEPLOYMENT_TARGET = 11.4;
				MTL_ENABLE_DEBUG_INFO = NO;
				SDKROOT = iphoneos;
				VALIDATE_PRODUCT = YES;
			};
			name = Release;
		};
		68F106B6213A3BE2007981E6 /* Debug */ = {
			isa = XCBuildConfiguration;
			buildSettings = {
				ASSETCATALOG_COMPILER_APPICON_NAME = AppIcon;
				CODE_SIGN_STYLE = Automatic;
				DEVELOPMENT_TEAM = 9U8V9V4X53;
				INFOPLIST_FILE = GCDdemo/Info.plist;
				LD_RUNPATH_SEARCH_PATHS = (
					"$(inherited)",
					"@executable_path/Frameworks",
				);
				PRODUCT_BUNDLE_IDENTIFIER = com.yangkejun.GCDdemo;
				PRODUCT_NAME = "$(TARGET_NAME)";
				TARGETED_DEVICE_FAMILY = "1,2";
			};
			name = Debug;
		};
		68F106B7213A3BE2007981E6 /* Release */ = {
			isa = XCBuildConfiguration;
			buildSettings = {
				ASSETCATALOG_COMPILER_APPICON_NAME = AppIcon;
				CODE_SIGN_STYLE = Automatic;
				DEVELOPMENT_TEAM = 9U8V9V4X53;
				INFOPLIST_FILE = GCDdemo/Info.plist;
				LD_RUNPATH_SEARCH_PATHS = (
					"$(inherited)",
					"@executable_path/Frameworks",
				);
				PRODUCT_BUNDLE_IDENTIFIER = com.yangkejun.GCDdemo;
				PRODUCT_NAME = "$(TARGET_NAME)";
				TARGETED_DEVICE_FAMILY = "1,2";
			};
			name = Release;
		};
/* End XCBuildConfiguration section */

/* Begin XCConfigurationList section */
		68F10697213A3BE1007981E6 /* Build configuration list for PBXProject "GCDdemo" */ = {
			isa = XCConfigurationList;
			buildConfigurations = (
				68F106B3213A3BE2007981E6 /* Debug */,
				68F106B4213A3BE2007981E6 /* Release */,
			);
			defaultConfigurationIsVisible = 0;
			defaultConfigurationName = Release;
		};
		68F106B5213A3BE2007981E6 /* Build configuration list for PBXNativeTarget "GCDdemo" */ = {
			isa = XCConfigurationList;
			buildConfigurations = (
				68F106B6213A3BE2007981E6 /* Debug */,
				68F106B7213A3BE2007981E6 /* Release */,
			);
			defaultConfigurationIsVisible = 0;
			defaultConfigurationName = Release;
		};
/* End XCConfigurationList section */

/* Begin XCVersionGroup section */
		68F106A8213A3BE1007981E6 /* GCDdemo.xcdatamodeld */ = {
			isa = XCVersionGroup;
			children = (
				68F106A9213A3BE1007981E6 /* GCDdemo.xcdatamodel */,
			);
			currentVersion = 68F106A9213A3BE1007981E6 /* GCDdemo.xcdatamodel */;
			path = GCDdemo.xcdatamodeld;
			sourceTree = "<group>";
			versionGroupType = wrapper.xcdatamodel;
		};
/* End XCVersionGroup section */
	};
	rootObject = 68F10694213A3BE1007981E6 /* Project object */;
}
